
Microsoft Visual Studio Solution File, Format Version 12.00
# Visual Studio Version 17
VisualStudioVersion = 17.7.34221.43
MinimumVisualStudioVersion = 10.0.40219.1
Project("{FAE04EC0-301F-11D3-BF4B-00C04F79EFBC}") = "CqrsTR", "CqrsTR\CqrsTR.csproj", "{3649C2A9-8595-4940-A3DE-63545A43F323}"
EndProject
Project("{FAE04EC0-301F-11D3-BF4B-00C04F79EFBC}") = "CqrsTR.Console", "CqrsTR.Console\CqrsTR.Console.csproj", "{6205656C-DA3A-43AA-B5C2-AA26986A4A74}"
EndProject
Global
	GlobalSection(SolutionConfigurationPlatforms) = preSolution
		Debug|Any CPU = Debug|Any CPU
		Release|Any CPU = Release|Any CPU
	EndGlobalSection
	GlobalSection(ProjectConfigurationPlatforms) = postSolution
		{3649C2A9-8595-4940-A3DE-63545A43F323}.Debug|Any CPU.ActiveCfg = Debug|Any CPU
		{3649C2A9-8595-4940-A3DE-63545A43F323}.Debug|Any CPU.Build.0 = Debug|Any CPU
		{3649C2A9-8595-4940-A3DE-63545A43F323}.Release|Any CPU.ActiveCfg = Release|Any CPU
		{3649C2A9-8595-4940-A3DE-63545A43F323}.Release|Any CPU.Build.0 = Release|Any CPU
		{6205656C-DA3A-43AA-B5C2-AA26986A4A74}.Debug|Any CPU.ActiveCfg = Debug|Any CPU
		{6205656C-DA3A-43AA-B5C2-AA26986A4A74}.Debug|Any CPU.Build.0 = Debug|Any CPU
		{6205656C-DA3A-43AA-B5C2-AA26986A4A74}.Release|Any CPU.ActiveCfg = Release|Any CPU
		{6205656C-DA3A-43AA-B5C2-AA26986A4A74}.Release|Any CPU.Build.0 = Release|Any CPU
	EndGlobalSection
	GlobalSection(SolutionProperties) = preSolution
		HideSolutionNode = FALSE
	EndGlobalSection
	GlobalSection(ExtensibilityGlobals) = postSolution
		SolutionGuid = {246B7075-9A9B-4BF9-8636-0751A2460F2F}
	EndGlobalSection
EndGlobal
